PODS:
  - PubNub (4.8.3):
    - PubNub/Core (= 4.8.3)
  - PubNub/Core (4.8.3)

DEPENDENCIES:
  - PubNub (~> 4.1)

SPEC REPOS:
  https://github.com/CocoaPods/Specs.git:
    - PubNub

SPEC CHECKSUMS:
  PubNub: 871d2a12d790d646e84c0b035acbf9ee6610ea70

PODFILE CHECKSUM: acce600d54a03a6e4d8c35c880f3f21aa8f2d216

COCOAPODS: 1.5.0
